// !$*UTF8*$!
{
	archiveVersion = 1;
	classes = {
	};
	objectVersion = 56;
	objects = {

/* Begin PBXBuildFile section */
		613CF9CD296C58FD008CEABB /* LandmarkDetail.swift in Sources */ = {isa = PBXBuildFile; fileRef = 613CF9CC296C58FD008CEABB /* LandmarkDetail.swift */; };
		B71B0EC52969E4B8007182EB /* LandmarksList.swift in Sources */ = {isa = PBXBuildFile; fileRef = B71B0EC42969E4B8007182EB /* LandmarksList.swift */; };
		B7251C5529657D970092BDA3 /* landmarkData.json in Resources */ = {isa = PBXBuildFile; fileRef = B7251C5429657D960092BDA3 /* landmarkData.json */; };
		B7251C5929657E200092BDA3 /* Landmark.swift in Sources */ = {isa = PBXBuildFile; fileRef = B7251C5829657E200092BDA3 /* Landmark.swift */; };
		B7251C5B296584240092BDA3 /* ModelData.swift in Sources */ = {isa = PBXBuildFile; fileRef = B7251C5A296584240092BDA3 /* ModelData.swift */; };
		B734A839296586CD00AD9F9C /* LandmarkRow.swift in Sources */ = {isa = PBXBuildFile; fileRef = B734A838296586CD00AD9F9C /* LandmarkRow.swift */; };
		B73E77F9295C75D9005D191A /* AdaSurfApp.swift in Sources */ = {isa = PBXBuildFile; fileRef = B73E77F8295C75D9005D191A /* AdaSurfApp.swift */; };
		B73E77FB295C75D9005D191A /* ContentView.swift in Sources */ = {isa = PBXBuildFile; fileRef = B73E77FA295C75D9005D191A /* ContentView.swift */; };
		B73E77FD295C75DB005D191A /* Assets.xcassets in Resources */ = {isa = PBXBuildFile; fileRef = B73E77FC295C75DB005D191A /* Assets.xcassets */; };
		B73E7801295C75DB005D191A /* Preview Assets.xcassets in Resources */ = {isa = PBXBuildFile; fileRef = B73E7800295C75DB005D191A /* Preview Assets.xcassets */; };
		B73E780B295C75DB005D191A /* AdaSurfTests.swift in Sources */ = {isa = PBXBuildFile; fileRef = B73E780A295C75DB005D191A /* AdaSurfTests.swift */; };
		B73E7815295C75DB005D191A /* AdaSurfUITests.swift in Sources */ = {isa = PBXBuildFile; fileRef = B73E7814295C75DB005D191A /* AdaSurfUITests.swift */; };
		B73E7817295C75DB005D191A /* AdaSurfUITestsLaunchTests.swift in Sources */ = {isa = PBXBuildFile; fileRef = B73E7816295C75DB005D191A /* AdaSurfUITestsLaunchTests.swift */; };
		B73E7824295C836D005D191A /* CircleImage.swift in Sources */ = {isa = PBXBuildFile; fileRef = B73E7823295C836D005D191A /* CircleImage.swift */; };
		B73E7826295C85E6005D191A /* MapView.swift in Sources */ = {isa = PBXBuildFile; fileRef = B73E7825295C85E6005D191A /* MapView.swift */; };
		B781329A297019B300433E56 /* SwiftUIView.swift in Sources */ = {isa = PBXBuildFile; fileRef = B7813299297019B300433E56 /* SwiftUIView.swift */; };
/* End PBXBuildFile section */

/* Begin PBXContainerItemProxy section */
		B73E7807295C75DB005D191A /* PBXContainerItemProxy */ = {
			isa = PBXContainerItemProxy;
			containerPortal = B73E77ED295C75D9005D191A /* Project object */;
			proxyType = 1;
			remoteGlobalIDString = B73E77F4295C75D9005D191A;
			remoteInfo = AdaSurf;
		};
		B73E7811295C75DB005D191A /* PBXContainerItemProxy */ = {
			isa = PBXContainerItemProxy;
			containerPortal = B73E77ED295C75D9005D191A /* Project object */;
			proxyType = 1;
			remoteGlobalIDString = B73E77F4295C75D9005D191A;
			remoteInfo = AdaSurf;
		};
/* End PBXContainerItemProxy section */

/* Begin PBXFileReference section */
		613CF9CC296C58FD008CEABB /* LandmarkDetail.swift */ = {isa = PBXFileReference; lastKnownFileType = sourcecode.swift; path = LandmarkDetail.swift; sourceTree = "<group>"; };
		B71B0EC42969E4B8007182EB /* LandmarksList.swift */ = {isa = PBXFileReference; lastKnownFileType = sourcecode.swift; path = LandmarksList.swift; sourceTree = "<group>"; };
		B7251C5429657D960092BDA3 /* landmarkData.json */ = {isa = PBXFileReference; fileEncoding = 4; lastKnownFileType = text.json; path = landmarkData.json; sourceTree = "<group>"; };
		B7251C5829657E200092BDA3 /* Landmark.swift */ = {isa = PBXFileReference; lastKnownFileType = sourcecode.swift; path = Landmark.swift; sourceTree = "<group>"; };
		B7251C5A296584240092BDA3 /* ModelData.swift */ = {isa = PBXFileReference; lastKnownFileType = sourcecode.swift; path = ModelData.swift; sourceTree = "<group>"; };
		B734A838296586CD00AD9F9C /* LandmarkRow.swift */ = {isa = PBXFileReference; lastKnownFileType = sourcecode.swift; path = LandmarkRow.swift; sourceTree = "<group>"; };
		B73E77F5295C75D9005D191A /* AdaSurf.app */ = {isa = PBXFileReference; explicitFileType = wrapper.application; includeInIndex = 0; path = AdaSurf.app; sourceTree = BUILT_PRODUCTS_DIR; };
		B73E77F8295C75D9005D191A /* AdaSurfApp.swift */ = {isa = PBXFileReference; lastKnownFileType = sourcecode.swift; path = AdaSurfApp.swift; sourceTree = "<group>"; };
		B73E77FA295C75D9005D191A /* ContentView.swift */ = {isa = PBXFileReference; lastKnownFileType = sourcecode.swift; path = ContentView.swift; sourceTree = "<group>"; };
		B73E77FC295C75DB005D191A /* Assets.xcassets */ = {isa = PBXFileReference; lastKnownFileType = folder.assetcatalog; path = Assets.xcassets; sourceTree = "<group>"; };
		B73E77FE295C75DB005D191A /* AdaSurf.entitlements */ = {isa = PBXFileReference; lastKnownFileType = text.plist.entitlements; path = AdaSurf.entitlements; sourceTree = "<group>"; };
		B73E7800295C75DB005D191A /* Preview Assets.xcassets */ = {isa = PBXFileReference; lastKnownFileType = folder.assetcatalog; path = "Preview Assets.xcassets"; sourceTree = "<group>"; };
		B73E7806295C75DB005D191A /* AdaSurfTests.xctest */ = {isa = PBXFileReference; explicitFileType = wrapper.cfbundle; includeInIndex = 0; path = AdaSurfTests.xctest; sourceTree = BUILT_PRODUCTS_DIR; };
		B73E780A295C75DB005D191A /* AdaSurfTests.swift */ = {isa = PBXFileReference; lastKnownFileType = sourcecode.swift; path = AdaSurfTests.swift; sourceTree = "<group>"; };
		B73E7810295C75DB005D191A /* AdaSurfUITests.xctest */ = {isa = PBXFileReference; explicitFileType = wrapper.cfbundle; includeInIndex = 0; path = AdaSurfUITests.xctest; sourceTree = BUILT_PRODUCTS_DIR; };
		B73E7814295C75DB005D191A /* AdaSurfUITests.swift */ = {isa = PBXFileReference; lastKnownFileType = sourcecode.swift; path = AdaSurfUITests.swift; sourceTree = "<group>"; };
		B73E7816295C75DB005D191A /* AdaSurfUITestsLaunchTests.swift */ = {isa = PBXFileReference; lastKnownFileType = sourcecode.swift; path = AdaSurfUITestsLaunchTests.swift; sourceTree = "<group>"; };
		B73E7823295C836D005D191A /* CircleImage.swift */ = {isa = PBXFileReference; lastKnownFileType = sourcecode.swift; path = CircleImage.swift; sourceTree = "<group>"; };
		B73E7825295C85E6005D191A /* MapView.swift */ = {isa = PBXFileReference; lastKnownFileType = sourcecode.swift; path = MapView.swift; sourceTree = "<group>"; };
		B7813299297019B300433E56 /* SwiftUIView.swift */ = {isa = PBXFileReference; lastKnownFileType = sourcecode.swift; path = SwiftUIView.swift; sourceTree = "<group>"; };
/* End PBXFileReference section */

/* Begin PBXFrameworksBuildPhase section */
		B73E77F2295C75D9005D191A /* Frameworks */ = {
			isa = PBXFrameworksBuildPhase;
			buildActionMask = 2147483647;
			files = (
			);
			runOnlyForDeploymentPostprocessing = 0;
		};
		B73E7803295C75DB005D191A /* Frameworks */ = {
			isa = PBXFrameworksBuildPhase;
			buildActionMask = 2147483647;
			files = (
			);
			runOnlyForDeploymentPostprocessing = 0;
		};
		B73E780D295C75DB005D191A /* Frameworks */ = {
			isa = PBXFrameworksBuildPhase;
			buildActionMask = 2147483647;
			files = (
			);
			runOnlyForDeploymentPostprocessing = 0;
		};
/* End PBXFrameworksBuildPhase section */

/* Begin PBXGroup section */
		B734A8342965864500AD9F9C /* View */ = {
			isa = PBXGroup;
			children = (
				B73E7825295C85E6005D191A /* MapView.swift */,
				B73E7823295C836D005D191A /* CircleImage.swift */,
				B73E77FA295C75D9005D191A /* ContentView.swift */,
				B734A838296586CD00AD9F9C /* LandmarkRow.swift */,
				B71B0EC42969E4B8007182EB /* LandmarksList.swift */,
				B7813299297019B300433E56 /* SwiftUIView.swift */,
				613CF9CC296C58FD008CEABB /* LandmarkDetail.swift */,
			);
			path = View;
			sourceTree = "<group>";
		};
		B734A8362965867C00AD9F9C /* Ressources */ = {
			isa = PBXGroup;
			children = (
				B7251C5429657D960092BDA3 /* landmarkData.json */,
			);
			path = Ressources;
			sourceTree = "<group>";
		};
		B734A8372965868D00AD9F9C /* Model */ = {
			isa = PBXGroup;
			children = (
				B7251C5829657E200092BDA3 /* Landmark.swift */,
				B7251C5A296584240092BDA3 /* ModelData.swift */,
			);
			path = Model;
			sourceTree = "<group>";
		};
		B73E77EC295C75D9005D191A = {
			isa = PBXGroup;
			children = (
				B73E77F7295C75D9005D191A /* AdaSurf */,
				B73E7809295C75DB005D191A /* AdaSurfTests */,
				B73E7813295C75DB005D191A /* AdaSurfUITests */,
				B73E77F6295C75D9005D191A /* Products */,
			);
			sourceTree = "<group>";
		};
		B73E77F6295C75D9005D191A /* Products */ = {
			isa = PBXGroup;
			children = (
				B73E77F5295C75D9005D191A /* AdaSurf.app */,
				B73E7806295C75DB005D191A /* AdaSurfTests.xctest */,
				B73E7810295C75DB005D191A /* AdaSurfUITests.xctest */,
			);
			name = Products;
			sourceTree = "<group>";
		};
		B73E77F7295C75D9005D191A /* AdaSurf */ = {
			isa = PBXGroup;
			children = (
				B734A8372965868D00AD9F9C /* Model */,
				B734A8362965867C00AD9F9C /* Ressources */,
				B73E77F8295C75D9005D191A /* AdaSurfApp.swift */,
				B734A8342965864500AD9F9C /* View */,
				B73E77FC295C75DB005D191A /* Assets.xcassets */,
				B73E77FE295C75DB005D191A /* AdaSurf.entitlements */,
				B73E77FF295C75DB005D191A /* Preview Content */,
			);
			path = AdaSurf;
			sourceTree = "<group>";
		};
		B73E77FF295C75DB005D191A /* Preview Content */ = {
			isa = PBXGroup;
			children = (
				B73E7800295C75DB005D191A /* Preview Assets.xcassets */,
			);
			path = "Preview Content";
			sourceTree = "<group>";
		};
		B73E7809295C75DB005D191A /* AdaSurfTests */ = {
			isa = PBXGroup;
			children = (
				B73E780A295C75DB005D191A /* AdaSurfTests.swift */,
			);
			path = AdaSurfTests;
			sourceTree = "<group>";
		};
		B73E7813295C75DB005D191A /* AdaSurfUITests */ = {
			isa = PBXGroup;
			children = (
				B73E7814295C75DB005D191A /* AdaSurfUITests.swift */,
				B73E7816295C75DB005D191A /* AdaSurfUITestsLaunchTests.swift */,
			);
			path = AdaSurfUITests;
			sourceTree = "<group>";
		};
/* End PBXGroup section */

/* Begin PBXNativeTarget section */
		B73E77F4295C75D9005D191A /* AdaSurf */ = {
			isa = PBXNativeTarget;
			buildConfigurationList = B73E781A295C75DB005D191A /* Build configuration list for PBXNativeTarget "AdaSurf" */;
			buildPhases = (
				B73E77F1295C75D9005D191A /* Sources */,
				B73E77F2295C75D9005D191A /* Frameworks */,
				B73E77F3295C75D9005D191A /* Resources */,
			);
			buildRules = (
			);
			dependencies = (
			);
			name = AdaSurf;
			productName = AdaSurf;
			productReference = B73E77F5295C75D9005D191A /* AdaSurf.app */;
			productType = "com.apple.product-type.application";
		};
		B73E7805295C75DB005D191A /* AdaSurfTests */ = {
			isa = PBXNativeTarget;
			buildConfigurationList = B73E781D295C75DB005D191A /* Build configuration list for PBXNativeTarget "AdaSurfTests" */;
			buildPhases = (
				B73E7802295C75DB005D191A /* Sources */,
				B73E7803295C75DB005D191A /* Frameworks */,
				B73E7804295C75DB005D191A /* Resources */,
			);
			buildRules = (
			);
			dependencies = (
				B73E7808295C75DB005D191A /* PBXTargetDependency */,
			);
			name = AdaSurfTests;
			productName = AdaSurfTests;
			productReference = B73E7806295C75DB005D191A /* AdaSurfTests.xctest */;
			productType = "com.apple.product-type.bundle.unit-test";
		};
		B73E780F295C75DB005D191A /* AdaSurfUITests */ = {
			isa = PBXNativeTarget;
			buildConfigurationList = B73E7820295C75DB005D191A /* Build configuration list for PBXNativeTarget "AdaSurfUITests" */;
			buildPhases = (
				B73E780C295C75DB005D191A /* Sources */,
				B73E780D295C75DB005D191A /* Frameworks */,
				B73E780E295C75DB005D191A /* Resources */,
			);
			buildRules = (
			);
			dependencies = (
				B73E7812295C75DB005D191A /* PBXTargetDependency */,
			);
			name = AdaSurfUITests;
			productName = AdaSurfUITests;
			productReference = B73E7810295C75DB005D191A /* AdaSurfUITests.xctest */;
			productType = "com.apple.product-type.bundle.ui-testing";
		};
/* End PBXNativeTarget section */

/* Begin PBXProject section */
		B73E77ED295C75D9005D191A /* Project object */ = {
			isa = PBXProject;
			attributes = {
				BuildIndependentTargetsInParallel = 1;
				LastSwiftUpdateCheck = 1420;
				LastUpgradeCheck = 1420;
				TargetAttributes = {
					B73E77F4295C75D9005D191A = {
						CreatedOnToolsVersion = 14.2;
					};
					B73E7805295C75DB005D191A = {
						CreatedOnToolsVersion = 14.2;
						TestTargetID = B73E77F4295C75D9005D191A;
					};
					B73E780F295C75DB005D191A = {
						CreatedOnToolsVersion = 14.2;
						TestTargetID = B73E77F4295C75D9005D191A;
					};
				};
			};
			buildConfigurationList = B73E77F0295C75D9005D191A /* Build configuration list for PBXProject "AdaSurf" */;
			compatibilityVersion = "Xcode 14.0";
			developmentRegion = en;
			hasScannedForEncodings = 0;
			knownRegions = (
				en,
				Base,
			);
			mainGroup = B73E77EC295C75D9005D191A;
			productRefGroup = B73E77F6295C75D9005D191A /* Products */;
			projectDirPath = "";
			projectRoot = "";
			targets = (
				B73E77F4295C75D9005D191A /* AdaSurf */,
				B73E7805295C75DB005D191A /* AdaSurfTests */,
				B73E780F295C75DB005D191A /* AdaSurfUITests */,
			);
		};
/* End PBXProject section */

/* Begin PBXResourcesBuildPhase section */
		B73E77F3295C75D9005D191A /* Resources */ = {
			isa = PBXResourcesBuildPhase;
			buildActionMask = 2147483647;
			files = (
				B73E7801295C75DB005D191A /* Preview Assets.xcassets in Resources */,
				B73E77FD295C75DB005D191A /* Assets.xcassets in Resources */,
				B7251C5529657D970092BDA3 /* landmarkData.json in Resources */,
			);
			runOnlyForDeploymentPostprocessing = 0;
		};
		B73E7804295C75DB005D191A /* Resources */ = {
			isa = PBXResourcesBuildPhase;
			buildActionMask = 2147483647;
			files = (
			);
			runOnlyForDeploymentPostprocessing = 0;
		};
		B73E780E295C75DB005D191A /* Resources */ = {
			isa = PBXResourcesBuildPhase;
			buildActionMask = 2147483647;
			files = (
			);
			runOnlyForDeploymentPostprocessing = 0;
		};
/* End PBXResourcesBuildPhase section */

/* Begin PBXSourcesBuildPhase section */
		B73E77F1295C75D9005D191A /* Sources */ = {
			isa = PBXSourcesBuildPhase;
			buildActionMask = 2147483647;
			files = (
				B73E77FB295C75D9005D191A /* ContentView.swift in Sources */,
				B73E7826295C85E6005D191A /* MapView.swift in Sources */,
				B73E77F9295C75D9005D191A /* AdaSurfApp.swift in Sources */,
				B73E7824295C836D005D191A /* CircleImage.swift in Sources */,
				B781329A297019B300433E56 /* SwiftUIView.swift in Sources */,
				613CF9CD296C58FD008CEABB /* LandmarkDetail.swift in Sources */,
				B7251C5929657E200092BDA3 /* Landmark.swift in Sources */,
				B734A839296586CD00AD9F9C /* LandmarkRow.swift in Sources */,
				B7251C5B296584240092BDA3 /* ModelData.swift in Sources */,
				B71B0EC52969E4B8007182EB /* LandmarksList.swift in Sources */,
			);
			runOnlyForDeploymentPostprocessing = 0;
		};
		B73E7802295C75DB005D191A /* Sources */ = {
			isa = PBXSourcesBuildPhase;
			buildActionMask = 2147483647;
			files = (
				B73E780B295C75DB005D191A /* AdaSurfTests.swift in Sources */,
			);
			runOnlyForDeploymentPostprocessing = 0;
		};
		B73E780C295C75DB005D191A /* Sources */ = {
			isa = PBXSourcesBuildPhase;
			buildActionMask = 2147483647;
			files = (
				B73E7815295C75DB005D191A /* AdaSurfUITests.swift in Sources */,
				B73E7817295C75DB005D191A /* AdaSurfUITestsLaunchTests.swift in Sources */,
			);
			runOnlyForDeploymentPostprocessing = 0;
		};
/* End PBXSourcesBuildPhase section */

/* Begin PBXTargetDependency section */
		B73E7808295C75DB005D191A /* PBXTargetDependency */ = {
			isa = PBXTargetDependency;
			target = B73E77F4295C75D9005D191A /* AdaSurf */;
			targetProxy = B73E7807295C75DB005D191A /* PBXContainerItemProxy */;
		};
		B73E7812295C75DB005D191A /* PBXTargetDependency */ = {
			isa = PBXTargetDependency;
			target = B73E77F4295C75D9005D191A /* AdaSurf */;
			targetProxy = B73E7811295C75DB005D191A /* PBXContainerItemProxy */;
		};
/* End PBXTargetDependency section */

/* Begin XCBuildConfiguration section */
		B73E7818295C75DB005D191A /* Debug */ = {
			isa = XCBuildConfiguration;
			buildSettings = {
				ALWAYS_SEARCH_USER_PATHS = NO;
				CLANG_ANALYZER_NONNULL = YES;
				CLANG_ANALYZER_NUMBER_OBJECT_CONVERSION = YES_AGGRESSIVE;
				CLANG_CXX_LANGUAGE_STANDARD = "gnu++20";
				CLANG_ENABLE_MODULES = YES;
				CLANG_ENABLE_OBJC_ARC = YES;
				CLANG_ENABLE_OBJC_WEAK = YES;
				CLANG_WARN_BLOCK_CAPTURE_AUTORELEASING = YES;
				CLANG_WARN_BOOL_CONVERSION = YES;
				CLANG_WARN_COMMA = YES;
				CLANG_WARN_CONSTANT_CONVERSION = YES;
				CLANG_WARN_DEPRECATED_OBJC_IMPLEMENTATIONS = YES;
				CLANG_WARN_DIRECT_OBJC_ISA_USAGE = YES_ERROR;
				CLANG_WARN_DOCUMENTATION_COMMENTS = YES;
				CLANG_WARN_EMPTY_BODY = YES;
				CLANG_WARN_ENUM_CONVERSION = YES;
				CLANG_WARN_INFINITE_RECURSION = YES;
				CLANG_WARN_INT_CONVERSION = YES;
				CLANG_WARN_NON_LITERAL_NULL_CONVERSION = YES;
				CLANG_WARN_OBJC_IMPLICIT_RETAIN_SELF = YES;
				CLANG_WARN_OBJC_LITERAL_CONVERSION = YES;
				CLANG_WARN_OBJC_ROOT_CLASS = YES_ERROR;
				CLANG_WARN_QUOTED_INCLUDE_IN_FRAMEWORK_HEADER = YES;
				CLANG_WARN_RANGE_LOOP_ANALYSIS = YES;
				CLANG_WARN_STRICT_PROTOTYPES = YES;
				CLANG_WARN_SUSPICIOUS_MOVE = YES;
				CLANG_WARN_UNGUARDED_AVAILABILITY = YES_AGGRESSIVE;
				CLANG_WARN_UNREACHABLE_CODE = YES;
				CLANG_WARN__DUPLICATE_METHOD_MATCH = YES;
				COPY_PHASE_STRIP = NO;
				DEBUG_INFORMATION_FORMAT = dwarf;
				ENABLE_STRICT_OBJC_MSGSEND = YES;
				ENABLE_TESTABILITY = YES;
				GCC_C_LANGUAGE_STANDARD = gnu11;
				GCC_DYNAMIC_NO_PIC = NO;
				GCC_NO_COMMON_BLOCKS = YES;
				GCC_OPTIMIZATION_LEVEL = 0;
				GCC_PREPROCESSOR_DEFINITIONS = (
					"DEBUG=1",
					"$(inherited)",
				);
				GCC_WARN_64_TO_32_BIT_CONVERSION = YES;
				GCC_WARN_ABOUT_RETURN_TYPE = YES_ERROR;
				GCC_WARN_UNDECLARED_SELECTOR = YES;
				GCC_WARN_UNINITIALIZED_AUTOS = YES_AGGRESSIVE;
				GCC_WARN_UNUSED_FUNCTION = YES;
				GCC_WARN_UNUSED_VARIABLE = YES;
				MTL_ENABLE_DEBUG_INFO = INCLUDE_SOURCE;
				MTL_FAST_MATH = YES;
				ONLY_ACTIVE_ARCH = YES;
				SWIFT_ACTIVE_COMPILATION_CONDITIONS = DEBUG;
				SWIFT_OPTIMIZATION_LEVEL = "-Onone";
			};
			name = Debug;
		};
		B73E7819295C75DB005D191A /* Release */ = {
			isa = XCBuildConfiguration;
			buildSettings = {
				ALWAYS_SEARCH_USER_PATHS = NO;
				CLANG_ANALYZER_NONNULL = YES;
				CLANG_ANALYZER_NUMBER_OBJECT_CONVERSION = YES_AGGRESSIVE;
				CLANG_CXX_LANGUAGE_STANDARD = "gnu++20";
				CLANG_ENABLE_MODULES = YES;
				CLANG_ENABLE_OBJC_ARC = YES;
				CLANG_ENABLE_OBJC_WEAK = YES;
				CLANG_WARN_BLOCK_CAPTURE_AUTORELEASING = YES;
				CLANG_WARN_BOOL_CONVERSION = YES;
				CLANG_WARN_COMMA = YES;
				CLANG_WARN_CONSTANT_CONVERSION = YES;
				CLANG_WARN_DEPRECATED_OBJC_IMPLEMENTATIONS = YES;
				CLANG_WARN_DIRECT_OBJC_ISA_USAGE = YES_ERROR;
				CLANG_WARN_DOCUMENTATION_COMMENTS = YES;
				CLANG_WARN_EMPTY_BODY = YES;
				CLANG_WARN_ENUM_CONVERSION = YES;
				CLANG_WARN_INFINITE_RECURSION = YES;
				CLANG_WARN_INT_CONVERSION = YES;
				CLANG_WARN_NON_LITERAL_NULL_CONVERSION = YES;
				CLANG_WARN_OBJC_IMPLICIT_RETAIN_SELF = YES;
				CLANG_WARN_OBJC_LITERAL_CONVERSION = YES;
				CLANG_WARN_OBJC_ROOT_CLASS = YES_ERROR;
				CLANG_WARN_QUOTED_INCLUDE_IN_FRAMEWORK_HEADER = YES;
				CLANG_WARN_RANGE_LOOP_ANALYSIS = YES;
				CLANG_WARN_STRICT_PROTOTYPES = YES;
				CLANG_WARN_SUSPICIOUS_MOVE = YES;
				CLANG_WARN_UNGUARDED_AVAILABILITY = YES_AGGRESSIVE;
				CLANG_WARN_UNREACHABLE_CODE = YES;
				CLANG_WARN__DUPLICATE_METHOD_MATCH = YES;
				COPY_PHASE_STRIP = NO;
				DEBUG_INFORMATION_FORMAT = "dwarf-with-dsym";
				ENABLE_NS_ASSERTIONS = NO;
				ENABLE_STRICT_OBJC_MSGSEND = YES;
				GCC_C_LANGUAGE_STANDARD = gnu11;
				GCC_NO_COMMON_BLOCKS = YES;
				GCC_WARN_64_TO_32_BIT_CONVERSION = YES;
				GCC_WARN_ABOUT_RETURN_TYPE = YES_ERROR;
				GCC_WARN_UNDECLARED_SELECTOR = YES;
				GCC_WARN_UNINITIALIZED_AUTOS = YES_AGGRESSIVE;
				GCC_WARN_UNUSED_FUNCTION = YES;
				GCC_WARN_UNUSED_VARIABLE = YES;
				MTL_ENABLE_DEBUG_INFO = NO;
				MTL_FAST_MATH = YES;
				SWIFT_COMPILATION_MODE = wholemodule;
				SWIFT_OPTIMIZATION_LEVEL = "-O";
			};
			name = Release;
		};
		B73E781B295C75DB005D191A /* Debug */ = {
			isa = XCBuildConfiguration;
			buildSettings = {
				ASSETCATALOG_COMPILER_APPICON_NAME = AppIcon;
				ASSETCATALOG_COMPILER_GLOBAL_ACCENT_COLOR_NAME = AccentColor;
				CODE_SIGN_ENTITLEMENTS = AdaSurf/AdaSurf.entitlements;
				CODE_SIGN_STYLE = Automatic;
				CURRENT_PROJECT_VERSION = 1;
				DEVELOPMENT_ASSET_PATHS = "\"AdaSurf/Preview Content\"";
				ENABLE_PREVIEWS = YES;
				GENERATE_INFOPLIST_FILE = YES;
				INFOPLIST_KEY_CFBundleDisplayName = "Waves of Morocco";
				"INFOPLIST_KEY_UIApplicationSceneManifest_Generation[sdk=iphoneos*]" = YES;
				"INFOPLIST_KEY_UIApplicationSceneManifest_Generation[sdk=iphonesimulator*]" = YES;
				"INFOPLIST_KEY_UIApplicationSupportsIndirectInputEvents[sdk=iphoneos*]" = YES;
				"INFOPLIST_KEY_UIApplicationSupportsIndirectInputEvents[sdk=iphonesimulator*]" = YES;
				"INFOPLIST_KEY_UILaunchScreen_Generation[sdk=iphoneos*]" = YES;
				"INFOPLIST_KEY_UILaunchScreen_Generation[sdk=iphonesimulator*]" = YES;
				INFOPLIST_KEY_UILaunchStoryboardName = Sw;
				"INFOPLIST_KEY_UIStatusBarStyle[sdk=iphoneos*]" = UIStatusBarStyleDefault;
				"INFOPLIST_KEY_UIStatusBarStyle[sdk=iphonesimulator*]" = UIStatusBarStyleDefault;
				INFOPLIST_KEY_UISupportedInterfaceOrientations_iPad = "UIInterfaceOrientationPortrait UIInterfaceOrientationPortraitUpsideDown UIInterfaceOrientationLandscapeLeft UIInterfaceOrientationLandscapeRight";
				INFOPLIST_KEY_UISupportedInterfaceOrientations_iPhone = "UIInterfaceOrientationPortrait UIInterfaceOrientationLandscapeLeft UIInterfaceOrientationLandscapeRight";
				IPHONEOS_DEPLOYMENT_TARGET = 16.2;
				LD_RUNPATH_SEARCH_PATHS = "@executable_path/Frameworks";
				"LD_RUNPATH_SEARCH_PATHS[sdk=macosx*]" = "@executable_path/../Frameworks";
				MACOSX_DEPLOYMENT_TARGET = 12.6;
				MARKETING_VERSION = 1.0;
				PRODUCT_BUNDLE_IDENTIFIER = TeamKarim.AdaSurf;
				PRODUCT_NAME = "$(TARGET_NAME)";
				SDKROOT = auto;
				SUPPORTED_PLATFORMS = "iphoneos iphonesimulator";
				SUPPORTS_MACCATALYST = NO;
				SUPPORTS_MAC_DESIGNED_FOR_IPHONE_IPAD = NO;
				SWIFT_EMIT_LOC_STRINGS = YES;
				SWIFT_VERSION = 5.0;
				TARGETED_DEVICE_FAMILY = 1;
			};
			name = Debug;
		};
		B73E781C295C75DB005D191A /* Release */ = {
			isa = XCBuildConfiguration;
			buildSettings = {
				ASSETCATALOG_COMPILER_APPICON_NAME = AppIcon;
				ASSETCATALOG_COMPILER_GLOBAL_ACCENT_COLOR_NAME = AccentColor;
				CODE_SIGN_ENTITLEMENTS = AdaSurf/AdaSurf.entitlements;
				CODE_SIGN_STYLE = Automatic;
				CURRENT_PROJECT_VERSION = 1;
				DEVELOPMENT_ASSET_PATHS = "\"AdaSurf/Preview Content\"";
				ENABLE_PREVIEWS = YES;
				GENERATE_INFOPLIST_FILE = YES;
				INFOPLIST_KEY_CFBundleDisplayName = "Waves of Morocco";
				"INFOPLIST_KEY_UIApplicationSceneManifest_Generation[sdk=iphoneos*]" = YES;
				"INFOPLIST_KEY_UIApplicationSceneManifest_Generation[sdk=iphonesimulator*]" = YES;
				"INFOPLIST_KEY_UIApplicationSupportsIndirectInputEvents[sdk=iphoneos*]" = YES;
				"INFOPLIST_KEY_UIApplicationSupportsIndirectInputEvents[sdk=iphonesimulator*]" = YES;
				"INFOPLIST_KEY_UILaunchScreen_Generation[sdk=iphoneos*]" = YES;
				"INFOPLIST_KEY_UILaunchScreen_Generation[sdk=iphonesimulator*]" = YES;
				INFOPLIST_KEY_UILaunchStoryboardName = Sw;
				"INFOPLIST_KEY_UIStatusBarStyle[sdk=iphoneos*]" = UIStatusBarStyleDefault;
				"INFOPLIST_KEY_UIStatusBarStyle[sdk=iphonesimulator*]" = UIStatusBarStyleDefault;
				INFOPLIST_KEY_UISupportedInterfaceOrientations_iPad = "UIInterfaceOrientationPortrait UIInterfaceOrientationPortraitUpsideDown UIInterfaceOrientationLandscapeLeft UIInterfaceOrientationLandscapeRight";
				INFOPLIST_KEY_UISupportedInterfaceOrientations_iPhone = "UIInterfaceOrientationPortrait UIInterfaceOrientationLandscapeLeft UIInterfaceOrientationLandscapeRight";
				IPHONEOS_DEPLOYMENT_TARGET = 16.2;
				LD_RUNPATH_SEARCH_PATHS = "@executable_path/Frameworks";
				"LD_RUNPATH_SEARCH_PATHS[sdk=macosx*]" = "@executable_path/../Frameworks";
				MACOSX_DEPLOYMENT_TARGET = 12.6;
				MARKETING_VERSION = 1.0;
				PRODUCT_BUNDLE_IDENTIFIER = TeamKarim.AdaSurf;
				PRODUCT_NAME = "$(TARGET_NAME)";
				SDKROOT = auto;
				SUPPORTED_PLATFORMS = "iphoneos iphonesimulator";
				SUPPORTS_MACCATALYST = NO;
				SUPPORTS_MAC_DESIGNED_FOR_IPHONE_IPAD = NO;
				SWIFT_EMIT_LOC_STRINGS = YES;
				SWIFT_VERSION = 5.0;
				TARGETED_DEVICE_FAMILY = 1;
			};
			name = Release;
		};
		B73E781E295C75DB005D191A /* Debug */ = {
			isa = XCBuildConfiguration;
			buildSettings = {
				ALWAYS_EMBED_SWIFT_STANDARD_LIBRARIES = YES;
				BUNDLE_LOADER = "$(TEST_HOST)";
				CODE_SIGN_STYLE = Automatic;
				CURRENT_PROJECT_VERSION = 1;
				GENERATE_INFOPLIST_FILE = YES;
				IPHONEOS_DEPLOYMENT_TARGET = 16.2;
				MACOSX_DEPLOYMENT_TARGET = 12.6;
				MARKETING_VERSION = 1.0;
				PRODUCT_BUNDLE_IDENTIFIER = TeamKarim.AdaSurfTests;
				PRODUCT_NAME = "$(TARGET_NAME)";
				SDKROOT = auto;
				SUPPORTED_PLATFORMS = "iphoneos iphonesimulator macosx";
				SWIFT_EMIT_LOC_STRINGS = NO;
				SWIFT_VERSION = 5.0;
				TARGETED_DEVICE_FAMILY = "1,2";
				TEST_HOST = "$(BUILT_PRODUCTS_DIR)/AdaSurf.app/$(BUNDLE_EXECUTABLE_FOLDER_PATH)/AdaSurf";
			};
			name = Debug;
		};
		B73E781F295C75DB005D191A /* Release */ = {
			isa = XCBuildConfiguration;
			buildSettings = {
				ALWAYS_EMBED_SWIFT_STANDARD_LIBRARIES = YES;
				BUNDLE_LOADER = "$(TEST_HOST)";
				CODE_SIGN_STYLE = Automatic;
				CURRENT_PROJECT_VERSION = 1;
				GENERATE_INFOPLIST_FILE = YES;
				IPHONEOS_DEPLOYMENT_TARGET = 16.2;
				MACOSX_DEPLOYMENT_TARGET = 12.6;
				MARKETING_VERSION = 1.0;
				PRODUCT_BUNDLE_IDENTIFIER = TeamKarim.AdaSurfTests;
				PRODUCT_NAME = "$(TARGET_NAME)";
				SDKROOT = auto;
				SUPPORTED_PLATFORMS = "iphoneos iphonesimulator macosx";
				SWIFT_EMIT_LOC_STRINGS = NO;
				SWIFT_VERSION = 5.0;
				TARGETED_DEVICE_FAMILY = "1,2";
				TEST_HOST = "$(BUILT_PRODUCTS_DIR)/AdaSurf.app/$(BUNDLE_EXECUTABLE_FOLDER_PATH)/AdaSurf";
			};
			name = Release;
		};
		B73E7821295C75DB005D191A /* Debug */ = {
			isa = XCBuildConfiguration;
			buildSettings = {
				ALWAYS_EMBED_SWIFT_STANDARD_LIBRARIES = YES;
				CODE_SIGN_STYLE = Automatic;
				CURRENT_PROJECT_VERSION = 1;
				GENERATE_INFOPLIST_FILE = YES;
				IPHONEOS_DEPLOYMENT_TARGET = 16.2;
				MACOSX_DEPLOYMENT_TARGET = 12.6;
				MARKETING_VERSION = 1.0;
				PRODUCT_BUNDLE_IDENTIFIER = TeamKarim.AdaSurfUITests;
				PRODUCT_NAME = "$(TARGET_NAME)";
				SDKROOT = auto;
				SUPPORTED_PLATFORMS = "iphoneos iphonesimulator macosx";
				SWIFT_EMIT_LOC_STRINGS = NO;
				SWIFT_VERSION = 5.0;
				TARGETED_DEVICE_FAMILY = "1,2";
				TEST_TARGET_NAME = AdaSurf;
			};
			name = Debug;
		};
		B73E7822295C75DB005D191A /* Release */ = {
			isa = XCBuildConfiguration;
			buildSettings = {
				ALWAYS_EMBED_SWIFT_STANDARD_LIBRARIES = YES;
				CODE_SIGN_STYLE = Automatic;
				CURRENT_PROJECT_VERSION = 1;
				GENERATE_INFOPLIST_FILE = YES;
				IPHONEOS_DEPLOYMENT_TARGET = 16.2;
				MACOSX_DEPLOYMENT_TARGET = 12.6;
				MARKETING_VERSION = 1.0;
				PRODUCT_BUNDLE_IDENTIFIER = TeamKarim.AdaSurfUITests;
				PRODUCT_NAME = "$(TARGET_NAME)";
				SDKROOT = auto;
				SUPPORTED_PLATFORMS = "iphoneos iphonesimulator macosx";
				SWIFT_EMIT_LOC_STRINGS = NO;
				SWIFT_VERSION = 5.0;
				TARGETED_DEVICE_FAMILY = "1,2";
				TEST_TARGET_NAME = AdaSurf;
			};
			name = Release;
		};
/* End XCBuildConfiguration section */

/* Begin XCConfigurationList section */
		B73E77F0295C75D9005D191A /* Build configuration list for PBXProject "AdaSurf" */ = {
			isa = XCConfigurationList;
			buildConfigurations = (
				B73E7818295C75DB005D191A /* Debug */,
				B73E7819295C75DB005D191A /* Release */,
			);
			defaultConfigurationIsVisible = 0;
			defaultConfigurationName = Release;
		};
		B73E781A295C75DB005D191A /* Build configuration list for PBXNativeTarget "AdaSurf" */ = {
			isa = XCConfigurationList;
			buildConfigurations = (
				B73E781B295C75DB005D191A /* Debug */,
				B73E781C295C75DB005D191A /* Release */,
			);
			defaultConfigurationIsVisible = 0;
			defaultConfigurationName = Release;
		};
		B73E781D295C75DB005D191A /* Build configuration list for PBXNativeTarget "AdaSurfTests" */ = {
			isa = XCConfigurationList;
			buildConfigurations = (
				B73E781E295C75DB005D191A /* Debug */,
				B73E781F295C75DB005D191A /* Release */,
			);
			defaultConfigurationIsVisible = 0;
			defaultConfigurationName = Release;
		};
		B73E7820295C75DB005D191A /* Build configuration list for PBXNativeTarget "AdaSurfUITests" */ = {
			isa = XCConfigurationList;
			buildConfigurations = (
				B73E7821295C75DB005D191A /* Debug */,
				B73E7822295C75DB005D191A /* Release */,
			);
			defaultConfigurationIsVisible = 0;
			defaultConfigurationName = Release;
		};
/* End XCConfigurationList section */
	};
	rootObject = B73E77ED295C75D9005D191A /* Project object */;
}
